# DO NOT EDIT MANUALLY - Managed by Fern Replay
version: "1.0"
generations:
  - commit_sha: 7345ea53f00915eabbbceae69119abc5d1e4f1f1
    tree_hash: 3fbb1108d5ddb3f5b59945040deca04de2a71ee4
    timestamp: 2026-09-24T19:56:10.886Z
    cli_version: unknown
    generator_versions: {}
current_generation: 7345ea53f00915eabbbceae69119abc5d1e4f1f1
patches: []
